<?xml version="1.0" encoding="UTF-8"?>
<CONFIG>
  <ProjectOptions>
    <Version Value="10"/>
    <PathDelim Value="\"/>
    <General>
      <SessionStorage Value="InProjectDir"/>
      <MainUnit Value="0"/>
      <Title Value="NFAEA Ledger"/>
      <ResourceType Value="res"/>
      <UseXPManifest Value="True"/>
      <Icon Value="0"/>
    </General>
    <BuildModes Count="1">
      <Item1 Name="Default" Default="True"/>
    </BuildModes>
    <PublishOptions>
      <Version Value="2"/>
    </PublishOptions>
    <RunParams>
      <local>
        <FormatVersion Value="1"/>
        <LaunchingApplication PathPlusParams="\usr\bin\xterm -T 'Lazarus Run Output' -e $(LazarusDir)\tools\runwait.sh $(TargetCmdLine)"/>
      </local>
    </RunParams>
    <RequiredPackages Count="8">
      <Item1>
        <PackageName Value="jujiboutils"/>
      </Item1>
      <Item2>
        <PackageName Value="LazControls"/>
      </Item2>
      <Item3>
        <PackageName Value="FCL"/>
      </Item3>
      <Item4>
        <PackageName Value="SDFLaz"/>
      </Item4>
      <Item5>
        <PackageName Value="DateTimeCtrls"/>
      </Item5>
      <Item6>
        <PackageName Value="tiopfLCL"/>
      </Item6>
      <Item7>
        <PackageName Value="tiOPF"/>
      </Item7>
      <Item8>
        <PackageName Value="LCL"/>
      </Item8>
    </RequiredPackages>
    <Units Count="16">
      <Unit0>
        <Filename Value="nfaealedger.lpr"/>
        <IsPartOfProject Value="True"/>
      </Unit0>
      <Unit1>
        <Filename Value="mainform.pas"/>
        <IsPartOfProject Value="True"/>
        <ComponentName Value="frmMain"/>
        <HasResources Value="True"/>
        <ResourceBaseClass Value="Form"/>
      </Unit1>
      <Unit2>
        <Filename Value="ledger_bom.pas"/>
        <IsPartOfProject Value="True"/>
      </Unit2>
      <Unit3>
        <Filename Value="ledgermanager.pas"/>
        <IsPartOfProject Value="True"/>
      </Unit3>
      <Unit4>
        <Filename Value="visitors.pas"/>
        <IsPartOfProject Value="True"/>
      </Unit4>
      <Unit5>
        <Filename Value="personeditform.pas"/>
        <IsPartOfProject Value="True"/>
        <ComponentName Value="frmPersonEdit"/>
        <HasResources Value="True"/>
        <ResourceBaseClass Value="Form"/>
        <UnitName Value="PersonEditForm"/>
      </Unit5>
      <Unit6>
        <Filename Value="membercsvload.pas"/>
        <IsPartOfProject Value="True"/>
        <ComponentName Value="frmMemberCSVLoad"/>
        <HasResources Value="True"/>
        <ResourceBaseClass Value="Form"/>
        <UnitName Value="MemberCSVLoad"/>
      </Unit6>
      <Unit7>
        <Filename Value="ServiceEditForm.pas"/>
        <IsPartOfProject Value="True"/>
        <ComponentName Value="frmServiceEdit"/>
        <HasResources Value="True"/>
        <ResourceBaseClass Value="Form"/>
      </Unit7>
      <Unit8>
        <Filename Value="model_view.pas"/>
        <IsPartOfProject Value="True"/>
        <UnitName Value="Model_View"/>
      </Unit8>
      <Unit9>
        <Filename Value="loaneditform.pas"/>
        <IsPartOfProject Value="True"/>
        <ComponentName Value="frmLoanEdit"/>
        <HasResources Value="True"/>
        <ResourceBaseClass Value="Form"/>
        <UnitName Value="LoanEditForm"/>
      </Unit9>
      <Unit10>
        <Filename Value="resourcedm.pas"/>
        <IsPartOfProject Value="True"/>
        <ComponentName Value="dmResources"/>
        <HasResources Value="True"/>
        <ResourceBaseClass Value="DataModule"/>
        <UnitName Value="ResourceDM"/>
      </Unit10>
      <Unit11>
        <Filename Value="SQLWhereBuilderNV.pas"/>
        <IsPartOfProject Value="True"/>
      </Unit11>
      <Unit12>
        <Filename Value="objectlistfilter.pas"/>
        <IsPartOfProject Value="True"/>
        <UnitName Value="ObjectListFilter"/>
      </Unit12>
      <Unit13>
        <Filename Value="LookupForm.pas"/>
        <IsPartOfProject Value="True"/>
        <ComponentName Value="frmLookUp"/>
        <HasResources Value="True"/>
        <ResourceBaseClass Value="Form"/>
      </Unit13>
      <Unit14>
        <Filename Value="PaymentEditForm.pas"/>
        <IsPartOfProject Value="True"/>
        <ComponentName Value="frmPaymentEdit"/>
        <HasResources Value="True"/>
        <ResourceBaseClass Value="Form"/>
      </Unit14>
      <Unit15>
        <Filename Value="PaymentCSVLoad.pas"/>
        <IsPartOfProject Value="True"/>
        <ComponentName Value="frmPaymentCSVLoad"/>
        <HasResources Value="True"/>
        <ResourceBaseClass Value="Form"/>
      </Unit15>
    </Units>
  </ProjectOptions>
  <CompilerOptions>
    <Version Value="11"/>
    <PathDelim Value="\"/>
    <Target>
      <Filename Value="nfaealedger"/>
    </Target>
    <SearchPaths>
      <IncludeFiles Value="$(ProjOutDir)"/>
      <UnitOutputDirectory Value="lib\$(TargetCPU)-$(TargetOS)"/>
    </SearchPaths>
  </CompilerOptions>
  <Debugging>
    <Exceptions Count="3">
      <Item1>
        <Name Value="EAbort"/>
      </Item1>
      <Item2>
        <Name Value="ECodetoolError"/>
      </Item2>
      <Item3>
        <Name Value="EFOpenError"/>
      </Item3>
    </Exceptions>
  </Debugging>
</CONFIG>
